
Microsoft Visual Studio Solution File, Format Version 12.00
# Visual Studio Version 16
VisualStudioVersion = 16.0.29025.244
MinimumVisualStudioVersion = 10.0.40219.1
Project("{FAE04EC0-301F-11D3-BF4B-00C04F79EFBC}") = "Wu10Man", "Wu10Man\Wu10Man.csproj", "{5162DE0E-A9CE-480D-A550-E4F8833E5D26}"
EndProject
Project("{FAE04EC0-301F-11D3-BF4B-00C04F79EFBC}") = "WereDev.Utils.Win32Wrappers", "WereDev.Utils.Win32Wrappers\WereDev.Utils.Win32Wrappers.csproj", "{11E7C6DA-6D2C-4FFD-9B2B-80646FDF9500}"
EndProject
Project("{FAE04EC0-301F-11D3-BF4B-00C04F79EFBC}") = "WereDev.Utils.Wu10Man.Core", "WereDev.Utils.Wu10Man.Core\WereDev.Utils.Wu10Man.Core.csproj", "{E10091E5-2789-4515-A7B2-79F316ECD30B}"
EndProject
Project("{FAE04EC0-301F-11D3-BF4B-00C04F79EFBC}") = "WereDev.Utils.Wu10Man.Providers", "WereDev.Utils.Wu10Man.Providers\WereDev.Utils.Wu10Man.Providers.csproj", "{2C880065-BD13-4ABB-B3FC-11ECD25625DE}"
EndProject
Global
	GlobalSection(SolutionConfigurationPlatforms) = preSolution
		Debug|Any CPU = Debug|Any CPU
		Release|Any CPU = Release|Any CPU
	EndGlobalSection
	GlobalSection(ProjectConfigurationPlatforms) = postSolution
		{5162DE0E-A9CE-480D-A550-E4F8833E5D26}.Debug|Any CPU.ActiveCfg = Debug|Any CPU
		{5162DE0E-A9CE-480D-A550-E4F8833E5D26}.Debug|Any CPU.Build.0 = Debug|Any CPU
		{5162DE0E-A9CE-480D-A550-E4F8833E5D26}.Release|Any CPU.ActiveCfg = Release|Any CPU
		{5162DE0E-A9CE-480D-A550-E4F8833E5D26}.Release|Any CPU.Build.0 = Release|Any CPU
		{11E7C6DA-6D2C-4FFD-9B2B-80646FDF9500}.Debug|Any CPU.ActiveCfg = Debug|Any CPU
		{11E7C6DA-6D2C-4FFD-9B2B-80646FDF9500}.Debug|Any CPU.Build.0 = Debug|Any CPU
		{11E7C6DA-6D2C-4FFD-9B2B-80646FDF9500}.Release|Any CPU.ActiveCfg = Release|Any CPU
		{11E7C6DA-6D2C-4FFD-9B2B-80646FDF9500}.Release|Any CPU.Build.0 = Release|Any CPU
		{E10091E5-2789-4515-A7B2-79F316ECD30B}.Debug|Any CPU.ActiveCfg = Debug|Any CPU
		{E10091E5-2789-4515-A7B2-79F316ECD30B}.Debug|Any CPU.Build.0 = Debug|Any CPU
		{E10091E5-2789-4515-A7B2-79F316ECD30B}.Release|Any CPU.ActiveCfg = Release|Any CPU
		{E10091E5-2789-4515-A7B2-79F316ECD30B}.Release|Any CPU.Build.0 = Release|Any CPU
		{2C880065-BD13-4ABB-B3FC-11ECD25625DE}.Debug|Any CPU.ActiveCfg = Debug|Any CPU
		{2C880065-BD13-4ABB-B3FC-11ECD25625DE}.Debug|Any CPU.Build.0 = Debug|Any CPU
		{2C880065-BD13-4ABB-B3FC-11ECD25625DE}.Release|Any CPU.ActiveCfg = Release|Any CPU
		{2C880065-BD13-4ABB-B3FC-11ECD25625DE}.Release|Any CPU.Build.0 = Release|Any CPU
	EndGlobalSection
	GlobalSection(SolutionProperties) = preSolution
		HideSolutionNode = FALSE
	EndGlobalSection
	GlobalSection(ExtensibilityGlobals) = postSolution
		SolutionGuid = {5FF65910-90B3-413F-B7D3-A1F3D40FC5C1}
	EndGlobalSection
EndGlobal
